
Microsoft Visual Studio Solution File, Format Version 12.00
# Visual Studio Version 17
VisualStudioVersion = 17.7.34003.232
MinimumVisualStudioVersion = 10.0.40219.1
Project("{FAE04EC0-301F-11D3-BF4B-00C04F79EFBC}") = "valid email address check", "valid email address check.csproj", "{E0DD11ED-FA5B-4A98-BF92-8D8DDD5FD185}"
EndProject
Global
	GlobalSection(SolutionConfigurationPlatforms) = preSolution
		Debug|Any CPU = Debug|Any CPU
		Release|Any CPU = Release|Any CPU
	EndGlobalSection
	GlobalSection(ProjectConfigurationPlatforms) = postSolution
		{E0DD11ED-FA5B-4A98-BF92-8D8DDD5FD185}.Debug|Any CPU.ActiveCfg = Debug|Any CPU
		{E0DD11ED-FA5B-4A98-BF92-8D8DDD5FD185}.Debug|Any CPU.Build.0 = Debug|Any CPU
		{E0DD11ED-FA5B-4A98-BF92-8D8DDD5FD185}.Release|Any CPU.ActiveCfg = Release|Any CPU
		{E0DD11ED-FA5B-4A98-BF92-8D8DDD5FD185}.Release|Any CPU.Build.0 = Release|Any CPU
	EndGlobalSection
	GlobalSection(SolutionProperties) = preSolution
		HideSolutionNode = FALSE
	EndGlobalSection
	GlobalSection(ExtensibilityGlobals) = postSolution
		SolutionGuid = {742CB194-3F35-4218-8842-D2A241DD32E9}
	EndGlobalSection
EndGlobal
